{
  "name": "torntools_extension",
  "lockfileVersion": 3,
  "requires": true,
  "packages": {
    "": {
      "devDependencies": {
        "chrome-types": "^0.1.377"
      }
    },
    "node_modules/chrome-types": {
      "version": "0.1.377",
      "resolved": "https://registry.npmjs.org/chrome-types/-/chrome-types-0.1.377.tgz",
      "integrity": "sha512-cOS9iXRCtBewHJVBGpe88qA2Xly3p4V5hgxerChVhUVnJIAr6QcIIdP1Ryac5iautq+IeMdu3ZKh2y0rZQR4qw==",
      "dev": true,
      "license": "Apache-2.0"
    }
  }
}
